
Microsoft Visual Studio Solution File, Format Version 12.00
# Visual Studio Version 17
VisualStudioVersion = 17.5.33516.290
MinimumVisualStudioVersion = 10.0.40219.1
Project("{FAE04EC0-301F-11D3-BF4B-00C04F79EFBC}") = "Overloadke1", "Overloadke1\Overloadke1.csproj", "{BFBD4FBE-E076-447E-91EA-95E759883096}"
EndProject
Global
	GlobalSection(SolutionConfigurationPlatforms) = preSolution
		Debug|Any CPU = Debug|Any CPU
		Release|Any CPU = Release|Any CPU
	EndGlobalSection
	GlobalSection(ProjectConfigurationPlatforms) = postSolution
		{BFBD4FBE-E076-447E-91EA-95E759883096}.Debug|Any CPU.ActiveCfg = Debug|Any CPU
		{BFBD4FBE-E076-447E-91EA-95E759883096}.Debug|Any CPU.Build.0 = Debug|Any CPU
		{BFBD4FBE-E076-447E-91EA-95E759883096}.Release|Any CPU.ActiveCfg = Release|Any CPU
		{BFBD4FBE-E076-447E-91EA-95E759883096}.Release|Any CPU.Build.0 = Release|Any CPU
	EndGlobalSection
	GlobalSection(SolutionProperties) = preSolution
		HideSolutionNode = FALSE
	EndGlobalSection
	GlobalSection(ExtensibilityGlobals) = postSolution
		SolutionGuid = {E2B717E0-5ACF-47C5-9ADF-9BD9B00DFA7D}
	EndGlobalSection
EndGlobal
